
Microsoft Visual Studio Solution File, Format Version 12.00
# Visual Studio Version 17
VisualStudioVersion = 17.7.34031.279
MinimumVisualStudioVersion = 10.0.40219.1
Project("{FAE04EC0-301F-11D3-BF4B-00C04F79EFBC}") = "hw_06_task_01", "hw_06_task_01\hw_06_task_01.csproj", "{ABDDE57B-9F82-4BEA-83A8-CBE523D9E721}"
EndProject
Global
	GlobalSection(SolutionConfigurationPlatforms) = preSolution
		Debug|Any CPU = Debug|Any CPU
		Release|Any CPU = Release|Any CPU
	EndGlobalSection
	GlobalSection(ProjectConfigurationPlatforms) = postSolution
		{ABDDE57B-9F82-4BEA-83A8-CBE523D9E721}.Debug|Any CPU.ActiveCfg = Debug|Any CPU
		{ABDDE57B-9F82-4BEA-83A8-CBE523D9E721}.Debug|Any CPU.Build.0 = Debug|Any CPU
		{ABDDE57B-9F82-4BEA-83A8-CBE523D9E721}.Release|Any CPU.ActiveCfg = Release|Any CPU
		{ABDDE57B-9F82-4BEA-83A8-CBE523D9E721}.Release|Any CPU.Build.0 = Release|Any CPU
	EndGlobalSection
	GlobalSection(SolutionProperties) = preSolution
		HideSolutionNode = FALSE
	EndGlobalSection
	GlobalSection(ExtensibilityGlobals) = postSolution
		SolutionGuid = {664BC3C1-2077-4779-AC6C-2021EB2165E8}
	EndGlobalSection
EndGlobal
