
Microsoft Visual Studio Solution File, Format Version 12.00
# Visual Studio Version 17
VisualStudioVersion = 17.7.34031.279
MinimumVisualStudioVersion = 10.0.40219.1
Project("{FAE04EC0-301F-11D3-BF4B-00C04F79EFBC}") = "hw_06_task_04", "hw_06_task_04\hw_06_task_04.csproj", "{72C06306-6D17-4E12-8784-7FD122F656AA}"
EndProject
Global
	GlobalSection(SolutionConfigurationPlatforms) = preSolution
		Debug|Any CPU = Debug|Any CPU
		Release|Any CPU = Release|Any CPU
	EndGlobalSection
	GlobalSection(ProjectConfigurationPlatforms) = postSolution
		{72C06306-6D17-4E12-8784-7FD122F656AA}.Debug|Any CPU.ActiveCfg = Debug|Any CPU
		{72C06306-6D17-4E12-8784-7FD122F656AA}.Debug|Any CPU.Build.0 = Debug|Any CPU
		{72C06306-6D17-4E12-8784-7FD122F656AA}.Release|Any CPU.ActiveCfg = Release|Any CPU
		{72C06306-6D17-4E12-8784-7FD122F656AA}.Release|Any CPU.Build.0 = Release|Any CPU
	EndGlobalSection
	GlobalSection(SolutionProperties) = preSolution
		HideSolutionNode = FALSE
	EndGlobalSection
	GlobalSection(ExtensibilityGlobals) = postSolution
		SolutionGuid = {8DA0ED2C-E2FB-49A5-ADB9-57EFBB4585CB}
	EndGlobalSection
EndGlobal
